
Microsoft Visual Studio Solution File, Format Version 12.00
# Visual Studio Version 17
VisualStudioVersion = 17.12.35527.113 d17.12
MinimumVisualStudioVersion = 10.0.40219.1
Project("{FAE04EC0-301F-11D3-BF4B-00C04F79EFBC}") = "EcommerceWeb", "EcommerceWeb\EcommerceWeb.csproj", "{09CA3C5F-3A2A-46A3-848B-E4E5B2485ACA}"
EndProject
Global
	GlobalSection(SolutionConfigurationPlatforms) = preSolution
		Debug|Any CPU = Debug|Any CPU
		Release|Any CPU = Release|Any CPU
	EndGlobalSection
	GlobalSection(ProjectConfigurationPlatforms) = postSolution
		{09CA3C5F-3A2A-46A3-848B-E4E5B2485ACA}.Debug|Any CPU.ActiveCfg = Debug|Any CPU
		{09CA3C5F-3A2A-46A3-848B-E4E5B2485ACA}.Debug|Any CPU.Build.0 = Debug|Any CPU
		{09CA3C5F-3A2A-46A3-848B-E4E5B2485ACA}.Release|Any CPU.ActiveCfg = Release|Any CPU
		{09CA3C5F-3A2A-46A3-848B-E4E5B2485ACA}.Release|Any CPU.Build.0 = Release|Any CPU
	EndGlobalSection
	GlobalSection(SolutionProperties) = preSolution
		HideSolutionNode = FALSE
	EndGlobalSection
EndGlobal
